
Microsoft Visual Studio Solution File, Format Version 12.00
# Visual Studio Version 17
VisualStudioVersion = 17.6.33829.357
MinimumVisualStudioVersion = 10.0.40219.1
Project("{FAE04EC0-301F-11D3-BF4B-00C04F79EFBC}") = "WebApplication15", "WebApplication15\WebApplication15.csproj", "{9CBB3A59-58DE-4653-AF12-32B93DEB2EBB}"
EndProject
Global
	GlobalSection(SolutionConfigurationPlatforms) = preSolution
		Debug|Any CPU = Debug|Any CPU
		Release|Any CPU = Release|Any CPU
	EndGlobalSection
	GlobalSection(ProjectConfigurationPlatforms) = postSolution
		{9CBB3A59-58DE-4653-AF12-32B93DEB2EBB}.Debug|Any CPU.ActiveCfg = Debug|Any CPU
		{9CBB3A59-58DE-4653-AF12-32B93DEB2EBB}.Debug|Any CPU.Build.0 = Debug|Any CPU
		{9CBB3A59-58DE-4653-AF12-32B93DEB2EBB}.Release|Any CPU.ActiveCfg = Release|Any CPU
		{9CBB3A59-58DE-4653-AF12-32B93DEB2EBB}.Release|Any CPU.Build.0 = Release|Any CPU
	EndGlobalSection
	GlobalSection(SolutionProperties) = preSolution
		HideSolutionNode = FALSE
	EndGlobalSection
	GlobalSection(ExtensibilityGlobals) = postSolution
		SolutionGuid = {7965DE5E-3892-4B15-A00C-1385A203C0FA}
	EndGlobalSection
EndGlobal
