
Microsoft Visual Studio Solution File, Format Version 12.00
# Visual Studio Version 17
VisualStudioVersion = 17.4.33205.214
MinimumVisualStudioVersion = 10.0.40219.1
Project("{FAE04EC0-301F-11D3-BF4B-00C04F79EFBC}") = "ConsoleApp7", "ConsoleApp7\ConsoleApp7.csproj", "{68D0452B-C102-4EC5-B64A-88340AF3333D}"
EndProject
Global
	GlobalSection(SolutionConfigurationPlatforms) = preSolution
		Debug|Any CPU = Debug|Any CPU
		Release|Any CPU = Release|Any CPU
	EndGlobalSection
	GlobalSection(ProjectConfigurationPlatforms) = postSolution
		{68D0452B-C102-4EC5-B64A-88340AF3333D}.Debug|Any CPU.ActiveCfg = Debug|Any CPU
		{68D0452B-C102-4EC5-B64A-88340AF3333D}.Debug|Any CPU.Build.0 = Debug|Any CPU
		{68D0452B-C102-4EC5-B64A-88340AF3333D}.Release|Any CPU.ActiveCfg = Release|Any CPU
		{68D0452B-C102-4EC5-B64A-88340AF3333D}.Release|Any CPU.Build.0 = Release|Any CPU
	EndGlobalSection
	GlobalSection(SolutionProperties) = preSolution
		HideSolutionNode = FALSE
	EndGlobalSection
	GlobalSection(ExtensibilityGlobals) = postSolution
		SolutionGuid = {FBB458BE-3F72-4623-8D95-AE25FFE71F95}
	EndGlobalSection
EndGlobal
