
Microsoft Visual Studio Solution File, Format Version 12.00
# Visual Studio Version 17
VisualStudioVersion = 17.4.33205.214
MinimumVisualStudioVersion = 10.0.40219.1
Project("{FAE04EC0-301F-11D3-BF4B-00C04F79EFBC}") = "ConsoleApp15", "ConsoleApp15\ConsoleApp15.csproj", "{0440787D-A56C-43C1-B15A-9DD2FEC13F69}"
EndProject
Global
	GlobalSection(SolutionConfigurationPlatforms) = preSolution
		Debug|Any CPU = Debug|Any CPU
		Release|Any CPU = Release|Any CPU
	EndGlobalSection
	GlobalSection(ProjectConfigurationPlatforms) = postSolution
		{0440787D-A56C-43C1-B15A-9DD2FEC13F69}.Debug|Any CPU.ActiveCfg = Debug|Any CPU
		{0440787D-A56C-43C1-B15A-9DD2FEC13F69}.Debug|Any CPU.Build.0 = Debug|Any CPU
		{0440787D-A56C-43C1-B15A-9DD2FEC13F69}.Release|Any CPU.ActiveCfg = Release|Any CPU
		{0440787D-A56C-43C1-B15A-9DD2FEC13F69}.Release|Any CPU.Build.0 = Release|Any CPU
	EndGlobalSection
	GlobalSection(SolutionProperties) = preSolution
		HideSolutionNode = FALSE
	EndGlobalSection
	GlobalSection(ExtensibilityGlobals) = postSolution
		SolutionGuid = {4C25164D-8CC0-4834-8796-F5EE28886E92}
	EndGlobalSection
EndGlobal
